{
  "version": 4,
  "terraform_version": "0.12.26",
  "serial": 171,
  "lineage": "3c9b0235-9460-e111-72c6-785e24e3df0d",
  "outputs": {},
  "resources": [
    {
      "mode": "data",
      "type": "aws_caller_identity",
      "name": "current",
      "provider": "provider.aws",
      "instances": [
        {
          "schema_version": 0,
          "attributes": {
            "account_id": "058243774065",
            "arn": "arn:aws:sts::058243774065:assumed-role/cmbot-terraform-role/i-0943fc1d7c0a81a04",
            "id": "2020-07-08 08:13:45.687588263 +0000 UTC",
            "user_id": "AROAQ3D4ZOZYR7SE3VSTW:i-0943fc1d7c0a81a04"
          }
        }
      ]
    },
    {
      "mode": "data",
      "type": "aws_iam_policy_document",
      "name": "assume_role",
      "provider": "provider.aws",
      "instances": [
        {
          "schema_version": 0,
          "attributes": {
            "id": "390232716",
            "json": "{\n  \"Version\": \"2012-10-17\",\n  \"Statement\": [\n    {\n      \"Sid\": \"\",\n      \"Effect\": \"Allow\",\n      \"Action\": \"sts:AssumeRole\",\n      \"Principal\": {\n        \"Service\": \"sagemaker.amazonaws.com\"\n      }\n    }\n  ]\n}",
            "override_json": null,
            "policy_id": null,
            "source_json": null,
            "statement": [
              {
                "actions": [
                  "sts:AssumeRole"
                ],
                "condition": [],
                "effect": "Allow",
                "not_actions": [],
                "not_principals": [],
                "not_resources": [],
                "principals": [
                  {
                    "identifiers": [
                      "sagemaker.amazonaws.com"
                    ],
                    "type": "Service"
                  }
                ],
                "resources": [],
                "sid": ""
              }
            ],
            "version": "2012-10-17"
          }
        }
      ]
    },
    {
      "mode": "data",
      "type": "aws_iam_policy_document",
      "name": "ni_model_policy",
      "provider": "provider.aws",
      "instances": [
        {
          "schema_version": 0,
          "attributes": {
            "id": "2723076727",
            "json": "{\n  \"Version\": \"2012-10-17\",\n  \"Statement\": [\n    {\n      \"Sid\": \"\",\n      \"Effect\": \"Allow\",\n      \"Action\": \"sagemaker:*\",\n      \"Resource\": \"*\"\n    },\n    {\n      \"Sid\": \"\",\n      \"Effect\": \"Allow\",\n      \"Action\": [\n        \"iam:PassRole\",\n        \"iam:GetRole\"\n      ],\n      \"Resource\": \"arn:aws:iam::058243774065:role/cmbot_ni_role\"\n    },\n    {\n      \"Sid\": \"\",\n      \"Effect\": \"Allow\",\n      \"Action\": [\n        \"ecr:GetDownloadUrlForLayer\",\n        \"ecr:BatchGetImage\",\n        \"ecr:BatchCheckLayerAvailability\"\n      ],\n      \"Resource\": \"arn:aws:ecr::058243774065:repository/*\"\n    },\n    {\n      \"Sid\": \"\",\n      \"Effect\": \"Allow\",\n      \"Action\": [\n        \"ec2:DescribeRouteTables\",\n        \"ec2:CreateVpcEndpoint\"\n      ],\n      \"Resource\": \"*\"\n    },\n    {\n      \"Sid\": \"\",\n      \"Effect\": \"Allow\",\n      \"Action\": [\n        \"cloudwatch:PutMetricData\",\n        \"cloudwatch:ListMetrics\",\n        \"cloudwatch:GetMetricStatistics\",\n        \"cloudwatch:GetMetricData\"\n      ],\n      \"Resource\": \"arn:aws:cloudwatch::058243774065:*\"\n    },\n    {\n      \"Sid\": \"\",\n      \"Effect\": \"Allow\",\n      \"Action\": [\n        \"logs:PutLogEvents\",\n        \"logs:GetLogEvents\",\n        \"logs:DescribeLogStreams\",\n        \"logs:CreateLogStream\",\n        \"logs:CreateLogGroup\"\n      ],\n      \"Resource\": \"arn:aws:logs::058243774065:log-group:/aws/sagemaker/*\"\n    },\n    {\n      \"Sid\": \"\",\n      \"Effect\": \"Allow\",\n      \"Action\": [\n        \"logs:PutLogEvents\",\n        \"logs:DescribeLogStreams\",\n        \"logs:CreateLogStream\",\n        \"logs:CreateLogGroup\",\n        \"ecr:GetDownloadUrlForLayer\",\n        \"ecr:GetAuthorizationToken\",\n        \"ecr:BatchGetImage\",\n        \"ecr:BatchCheckLayerAvailability\",\n        \"cloudwatch:PutMetricData\"\n      ],\n      \"Resource\": \"*\"\n    },\n    {\n      \"Sid\": \"\",\n      \"Effect\": \"Allow\",\n      \"Action\": [\n        \"sagemaker:ListUserProfiles\",\n        \"sagemaker:ListDomains\",\n        \"sagemaker:ListApps\",\n        \"sagemaker:DescribeUserProfile\",\n        \"sagemaker:DescribeDomain\",\n        \"sagemaker:CreatePresignedDomainUrl\",\n        \"sagemaker:*App\"\n      ],\n      \"Resource\": \"*\"\n    },\n    {\n      \"Sid\": \"\",\n      \"Effect\": \"Allow\",\n      \"Action\": [\n        \"sns:ListTopics\",\n        \"secretsmanager:ListSecrets\",\n        \"robomaker:DescribeSimulationJob\",\n        \"robomaker:DescribeSimulationApplication\",\n        \"robomaker:DeleteSimulationApplication\",\n        \"robomaker:CreateSimulationJob\",\n        \"robomaker:CreateSimulationApplication\",\n        \"robomaker:CancelSimulationJob\",\n        \"logs:UpdateLogDelivery\",\n        \"logs:PutResourcePolicy\",\n        \"logs:PutLogEvents\",\n        \"logs:ListLogDeliveries\",\n        \"logs:GetLogEvents\",\n        \"logs:GetLogDelivery\",\n        \"logs:Describe*\",\n        \"logs:DeleteLogDelivery\",\n        \"logs:CreateLogStream\",\n        \"logs:CreateLogGroup\",\n        \"logs:CreateLogDelivery\",\n        \"lambda:ListFunctions\",\n        \"kms:ListAliases\",\n        \"kms:DescribeKey\",\n        \"iam:ListRoles\",\n        \"groundtruthlabeling:*\",\n        \"glue:UpdateJob\",\n        \"glue:StartJobRun\",\n        \"glue:ResetJobBookmark\",\n        \"glue:GetJobs\",\n        \"glue:GetJobRuns\",\n        \"glue:GetJobRun\",\n        \"glue:GetJob\",\n        \"glue:DeleteJob\",\n        \"glue:CreateJob\",\n        \"fsx:DescribeFileSystems\",\n        \"elasticfilesystem:DescribeMountTargets\",\n        \"elasticfilesystem:DescribeFileSystems\",\n        \"elastic-inference:Connect\",\n        \"ecr:StartImageScan\",\n        \"ecr:GetDownloadUrlForLayer\",\n        \"ecr:GetAuthorizationToken\",\n        \"ecr:Describe*\",\n        \"ecr:CreateRepository\",\n        \"ecr:BatchGetImage\",\n        \"ecr:BatchCheckLayerAvailability\",\n        \"ec2:DescribeVpcs\",\n        \"ec2:DescribeVpcEndpoints\",\n        \"ec2:DescribeSubnets\",\n        \"ec2:DescribeSecurityGroups\",\n        \"ec2:DescribeRouteTables\",\n        \"ec2:DescribeNetworkInterfaces\",\n        \"ec2:DescribeDhcpOptions\",\n        \"ec2:DeleteNetworkInterfacePermission\",\n        \"ec2:DeleteNetworkInterface\",\n        \"ec2:CreateVpcEndpoint\",\n        \"ec2:CreateNetworkInterfacePermission\",\n        \"ec2:CreateNetworkInterface\",\n        \"cognito-idp:UpdateUserPoolClient\",\n        \"cognito-idp:UpdateUserPool\",\n        \"cognito-idp:List*\",\n        \"cognito-idp:DescribeUserPoolClient\",\n        \"cognito-idp:DescribeUserPool\",\n        \"cognito-idp:CreateUserPoolDomain\",\n        \"cognito-idp:CreateUserPoolClient\",\n        \"cognito-idp:CreateUserPool\",\n        \"cognito-idp:CreateGroup\",\n        \"cognito-idp:AdminRemoveUserFromGroup\",\n        \"cognito-idp:AdminEnableUser\",\n        \"cognito-idp:AdminDisableUser\",\n        \"cognito-idp:AdminDeleteUser\",\n        \"cognito-idp:AdminCreateUser\",\n        \"cognito-idp:AdminAddUserToGroup\",\n        \"codecommit:List*\",\n        \"codecommit:GetRepository\",\n        \"codecommit:CreateRepository\",\n        \"codecommit:BatchGetRepositories\",\n        \"cloudwatch:PutMetricData\",\n        \"cloudwatch:PutMetricAlarm\",\n        \"cloudwatch:ListMetrics\",\n        \"cloudwatch:GetMetricStatistics\",\n        \"cloudwatch:GetMetricData\",\n        \"cloudwatch:DescribeAlarms\",\n        \"cloudwatch:DeleteAlarms\",\n        \"aws-marketplace:ViewSubscriptions\",\n        \"application-autoscaling:RegisterScalableTarget\",\n        \"application-autoscaling:PutScheduledAction\",\n        \"application-autoscaling:PutScalingPolicy\",\n        \"application-autoscaling:DescribeScheduledActions\",\n        \"application-autoscaling:DescribeScalingPolicies\",\n        \"application-autoscaling:DescribeScalingActivities\",\n        \"application-autoscaling:DescribeScalableTargets\",\n        \"application-autoscaling:DeregisterScalableTarget\",\n        \"application-autoscaling:DeleteScheduledAction\",\n        \"application-autoscaling:DeleteScalingPolicy\"\n      ],\n      \"Resource\": \"*\"\n    },\n    {\n      \"Sid\": \"\",\n      \"Effect\": \"Allow\",\n      \"Action\": [\n        \"ecr:UploadLayerPart\",\n        \"ecr:SetRepositoryPolicy\",\n        \"ecr:PutImage\",\n        \"ecr:InitiateLayerUpload\",\n        \"ecr:DeleteRepositoryPolicy\",\n        \"ecr:DeleteRepository\",\n        \"ecr:CompleteLayerUpload\",\n        \"ecr:BatchDeleteImage\"\n      ],\n      \"Resource\": \"arn:aws:ecr::058243774065:repository/*\"\n    },\n    {\n      \"Sid\": \"\",\n      \"Effect\": \"Allow\",\n      \"Action\": [\n        \"codecommit:GitPush\",\n        \"codecommit:GitPull\"\n      ],\n      \"Resource\": [\n        \"arn:aws:codecommit:*:*:*sagemaker*\",\n        \"arn:aws:codecommit:*:*:*Sagemaker*\",\n        \"arn:aws:codecommit:*:*:*SageMaker*\"\n      ]\n    },\n    {\n      \"Sid\": \"\",\n      \"Effect\": \"Allow\",\n      \"Action\": [\n        \"s3:PutObject\",\n        \"s3:ListBucket\",\n        \"s3:GetObject\",\n        \"s3:GetBucketLocation\",\n        \"s3:DeleteObject\"\n      ],\n      \"Resource\": [\n        \"arn:aws:s3:::sagemaker-robotic-cm-bot/*\",\n        \"arn:aws:s3:::sagemaker-robotic-cm-bot\"\n      ]\n    }\n  ]\n}",
            "override_json": null,
            "policy_id": null,
            "source_json": null,
            "statement": [
              {
                "actions": [
                  "sagemaker:*"
                ],
                "condition": [],
                "effect": "Allow",
                "not_actions": [],
                "not_principals": [],
                "not_resources": [],
                "principals": [],
                "resources": [
                  "*"
                ],
                "sid": ""
              },
              {
                "actions": [
                  "iam:GetRole",
                  "iam:PassRole"
                ],
                "condition": [],
                "effect": "Allow",
                "not_actions": [],
                "not_principals": [],
                "not_resources": [],
                "principals": [],
                "resources": [
                  "arn:aws:iam::058243774065:role/cmbot_ni_role"
                ],
                "sid": ""
              },
              {
                "actions": [
                  "ecr:BatchCheckLayerAvailability",
                  "ecr:BatchGetImage",
                  "ecr:GetDownloadUrlForLayer"
                ],
                "condition": [],
                "effect": "Allow",
                "not_actions": [],
                "not_principals": [],
                "not_resources": [],
                "principals": [],
                "resources": [
                  "arn:aws:ecr::058243774065:repository/*"
                ],
                "sid": ""
              },
              {
                "actions": [
                  "ec2:CreateVpcEndpoint",
                  "ec2:DescribeRouteTables"
                ],
                "condition": [],
                "effect": "Allow",
                "not_actions": [],
                "not_principals": [],
                "not_resources": [],
                "principals": [],
                "resources": [
                  "*"
                ],
                "sid": ""
              },
              {
                "actions": [
                  "cloudwatch:GetMetricData",
                  "cloudwatch:GetMetricStatistics",
                  "cloudwatch:ListMetrics",
                  "cloudwatch:PutMetricData"
                ],
                "condition": [],
                "effect": "Allow",
                "not_actions": [],
                "not_principals": [],
                "not_resources": [],
                "principals": [],
                "resources": [
                  "arn:aws:cloudwatch::058243774065:*"
                ],
                "sid": ""
              },
              {
                "actions": [
                  "logs:CreateLogGroup",
                  "logs:CreateLogStream",
                  "logs:DescribeLogStreams",
                  "logs:GetLogEvents",
                  "logs:PutLogEvents"
                ],
                "condition": [],
                "effect": "Allow",
                "not_actions": [],
                "not_principals": [],
                "not_resources": [],
                "principals": [],
                "resources": [
                  "arn:aws:logs::058243774065:log-group:/aws/sagemaker/*"
                ],
                "sid": ""
              },
              {
                "actions": [
                  "cloudwatch:PutMetricData",
                  "ecr:BatchCheckLayerAvailability",
                  "ecr:BatchGetImage",
                  "ecr:GetAuthorizationToken",
                  "ecr:GetDownloadUrlForLayer",
                  "logs:CreateLogGroup",
                  "logs:CreateLogStream",
                  "logs:DescribeLogStreams",
                  "logs:PutLogEvents"
                ],
                "condition": [],
                "effect": "Allow",
                "not_actions": [],
                "not_principals": [],
                "not_resources": [],
                "principals": [],
                "resources": [
                  "*"
                ],
                "sid": ""
              },
              {
                "actions": [
                  "sagemaker:*App",
                  "sagemaker:CreatePresignedDomainUrl",
                  "sagemaker:DescribeDomain",
                  "sagemaker:DescribeUserProfile",
                  "sagemaker:ListApps",
                  "sagemaker:ListDomains",
                  "sagemaker:ListUserProfiles"
                ],
                "condition": [],
                "effect": "Allow",
                "not_actions": [],
                "not_principals": [],
                "not_resources": [],
                "principals": [],
                "resources": [
                  "*"
                ],
                "sid": ""
              },
              {
                "actions": [
                  "application-autoscaling:DeleteScalingPolicy",
                  "application-autoscaling:DeleteScheduledAction",
                  "application-autoscaling:DeregisterScalableTarget",
                  "application-autoscaling:DescribeScalableTargets",
                  "application-autoscaling:DescribeScalingActivities",
                  "application-autoscaling:DescribeScalingPolicies",
                  "application-autoscaling:DescribeScheduledActions",
                  "application-autoscaling:PutScalingPolicy",
                  "application-autoscaling:PutScheduledAction",
                  "application-autoscaling:RegisterScalableTarget",
                  "aws-marketplace:ViewSubscriptions",
                  "cloudwatch:DeleteAlarms",
                  "cloudwatch:DescribeAlarms",
                  "cloudwatch:GetMetricData",
                  "cloudwatch:GetMetricStatistics",
                  "cloudwatch:ListMetrics",
                  "cloudwatch:PutMetricAlarm",
                  "cloudwatch:PutMetricData",
                  "codecommit:BatchGetRepositories",
                  "codecommit:CreateRepository",
                  "codecommit:GetRepository",
                  "codecommit:List*",
                  "cognito-idp:AdminAddUserToGroup",
                  "cognito-idp:AdminCreateUser",
                  "cognito-idp:AdminDeleteUser",
                  "cognito-idp:AdminDisableUser",
                  "cognito-idp:AdminEnableUser",
                  "cognito-idp:AdminRemoveUserFromGroup",
                  "cognito-idp:CreateGroup",
                  "cognito-idp:CreateUserPool",
                  "cognito-idp:CreateUserPoolClient",
                  "cognito-idp:CreateUserPoolDomain",
                  "cognito-idp:DescribeUserPool",
                  "cognito-idp:DescribeUserPoolClient",
                  "cognito-idp:List*",
                  "cognito-idp:UpdateUserPool",
                  "cognito-idp:UpdateUserPoolClient",
                  "ec2:CreateNetworkInterface",
                  "ec2:CreateNetworkInterfacePermission",
                  "ec2:CreateVpcEndpoint",
                  "ec2:DeleteNetworkInterface",
                  "ec2:DeleteNetworkInterfacePermission",
                  "ec2:DescribeDhcpOptions",
                  "ec2:DescribeNetworkInterfaces",
                  "ec2:DescribeRouteTables",
                  "ec2:DescribeSecurityGroups",
                  "ec2:DescribeSubnets",
                  "ec2:DescribeVpcEndpoints",
                  "ec2:DescribeVpcs",
                  "ecr:BatchCheckLayerAvailability",
                  "ecr:BatchGetImage",
                  "ecr:CreateRepository",
                  "ecr:Describe*",
                  "ecr:GetAuthorizationToken",
                  "ecr:GetDownloadUrlForLayer",
                  "ecr:StartImageScan",
                  "elastic-inference:Connect",
                  "elasticfilesystem:DescribeFileSystems",
                  "elasticfilesystem:DescribeMountTargets",
                  "fsx:DescribeFileSystems",
                  "glue:CreateJob",
                  "glue:DeleteJob",
                  "glue:GetJob",
                  "glue:GetJobRun",
                  "glue:GetJobRuns",
                  "glue:GetJobs",
                  "glue:ResetJobBookmark",
                  "glue:StartJobRun",
                  "glue:UpdateJob",
                  "groundtruthlabeling:*",
                  "iam:ListRoles",
                  "kms:DescribeKey",
                  "kms:ListAliases",
                  "lambda:ListFunctions",
                  "logs:CreateLogDelivery",
                  "logs:CreateLogGroup",
                  "logs:CreateLogStream",
                  "logs:DeleteLogDelivery",
                  "logs:Describe*",
                  "logs:GetLogDelivery",
                  "logs:GetLogEvents",
                  "logs:ListLogDeliveries",
                  "logs:PutLogEvents",
                  "logs:PutResourcePolicy",
                  "logs:UpdateLogDelivery",
                  "robomaker:CancelSimulationJob",
                  "robomaker:CreateSimulationApplication",
                  "robomaker:CreateSimulationJob",
                  "robomaker:DeleteSimulationApplication",
                  "robomaker:DescribeSimulationApplication",
                  "robomaker:DescribeSimulationJob",
                  "secretsmanager:ListSecrets",
                  "sns:ListTopics"
                ],
                "condition": [],
                "effect": "Allow",
                "not_actions": [],
                "not_principals": [],
                "not_resources": [],
                "principals": [],
                "resources": [
                  "*"
                ],
                "sid": ""
              },
              {
                "actions": [
                  "ecr:BatchDeleteImage",
                  "ecr:CompleteLayerUpload",
                  "ecr:DeleteRepository",
                  "ecr:DeleteRepositoryPolicy",
                  "ecr:InitiateLayerUpload",
                  "ecr:PutImage",
                  "ecr:SetRepositoryPolicy",
                  "ecr:UploadLayerPart"
                ],
                "condition": [],
                "effect": "Allow",
                "not_actions": [],
                "not_principals": [],
                "not_resources": [],
                "principals": [],
                "resources": [
                  "arn:aws:ecr::058243774065:repository/*"
                ],
                "sid": ""
              },
              {
                "actions": [
                  "codecommit:GitPull",
                  "codecommit:GitPush"
                ],
                "condition": [],
                "effect": "Allow",
                "not_actions": [],
                "not_principals": [],
                "not_resources": [],
                "principals": [],
                "resources": [
                  "arn:aws:codecommit:*:*:*SageMaker*",
                  "arn:aws:codecommit:*:*:*Sagemaker*",
                  "arn:aws:codecommit:*:*:*sagemaker*"
                ],
                "sid": ""
              },
              {
                "actions": [
                  "s3:DeleteObject",
                  "s3:GetBucketLocation",
                  "s3:GetObject",
                  "s3:ListBucket",
                  "s3:PutObject"
                ],
                "condition": [],
                "effect": "Allow",
                "not_actions": [],
                "not_principals": [],
                "not_resources": [],
                "principals": [],
                "resources": [
                  "arn:aws:s3:::sagemaker-robotic-cm-bot",
                  "arn:aws:s3:::sagemaker-robotic-cm-bot/*"
                ],
                "sid": ""
              }
            ],
            "version": "2012-10-17"
          }
        }
      ]
    },
    {
      "mode": "data",
      "type": "template_file",
      "name": "instance_init",
      "provider": "provider.template",
      "instances": [
        {
          "schema_version": 0,
          "attributes": {
            "filename": null,
            "id": "15f18a0a210a48b91eee128f5e3a89b380d88bc75bde73a7ba2d6b0f5b7de0f2",
            "rendered": "#!/bin/sh\ncd /home/ec2-user/SageMaker\naws s3 cp s3://sagemaker-robotic-cm-bot/RoboticCM.ipynb .\nsudo -u ec2-user -i \u003c\u003c'EOF'\nsource activate python3\npip install runipy\nnohup runipy /home/ec2-user/SageMaker/RoboticCM.ipynb \u0026\nsource deactivate\nEOF\n",
            "template": "#!/bin/sh\ncd /home/ec2-user/SageMaker\naws s3 cp s3://sagemaker-robotic-cm-bot/RoboticCM.ipynb .\nsudo -u ec2-user -i \u003c\u003c'EOF'\nsource activate python3\npip install runipy\nnohup runipy /home/ec2-user/SageMaker/RoboticCM.ipynb \u0026\nsource deactivate\nEOF\n",
            "vars": null
          }
        }
      ]
    },
    {
      "mode": "managed",
      "type": "aws_iam_policy",
      "name": "ni_policy",
      "provider": "provider.aws",
      "instances": [
        {
          "schema_version": 0,
          "attributes": {
            "arn": "arn:aws:iam::058243774065:policy/cmbot_ni_policy",
            "description": "Allow Sagemaker to create model",
            "id": "arn:aws:iam::058243774065:policy/cmbot_ni_policy",
            "name": "cmbot_ni_policy",
            "name_prefix": null,
            "path": "/",
            "policy": "{\n  \"Version\": \"2012-10-17\",\n  \"Statement\": [\n    {\n      \"Sid\": \"\",\n      \"Effect\": \"Allow\",\n      \"Action\": \"sagemaker:*\",\n      \"Resource\": \"*\"\n    },\n    {\n      \"Sid\": \"\",\n      \"Effect\": \"Allow\",\n      \"Action\": [\n        \"iam:PassRole\",\n        \"iam:GetRole\"\n      ],\n      \"Resource\": \"arn:aws:iam::058243774065:role/cmbot_ni_role\"\n    },\n    {\n      \"Sid\": \"\",\n      \"Effect\": \"Allow\",\n      \"Action\": [\n        \"ecr:GetDownloadUrlForLayer\",\n        \"ecr:BatchGetImage\",\n        \"ecr:BatchCheckLayerAvailability\"\n      ],\n      \"Resource\": \"arn:aws:ecr::058243774065:repository/*\"\n    },\n    {\n      \"Sid\": \"\",\n      \"Effect\": \"Allow\",\n      \"Action\": [\n        \"ec2:DescribeRouteTables\",\n        \"ec2:CreateVpcEndpoint\"\n      ],\n      \"Resource\": \"*\"\n    },\n    {\n      \"Sid\": \"\",\n      \"Effect\": \"Allow\",\n      \"Action\": [\n        \"cloudwatch:PutMetricData\",\n        \"cloudwatch:ListMetrics\",\n        \"cloudwatch:GetMetricStatistics\",\n        \"cloudwatch:GetMetricData\"\n      ],\n      \"Resource\": \"arn:aws:cloudwatch::058243774065:*\"\n    },\n    {\n      \"Sid\": \"\",\n      \"Effect\": \"Allow\",\n      \"Action\": [\n        \"logs:PutLogEvents\",\n        \"logs:GetLogEvents\",\n        \"logs:DescribeLogStreams\",\n        \"logs:CreateLogStream\",\n        \"logs:CreateLogGroup\"\n      ],\n      \"Resource\": \"arn:aws:logs::058243774065:log-group:/aws/sagemaker/*\"\n    },\n    {\n      \"Sid\": \"\",\n      \"Effect\": \"Allow\",\n      \"Action\": [\n        \"logs:PutLogEvents\",\n        \"logs:DescribeLogStreams\",\n        \"logs:CreateLogStream\",\n        \"logs:CreateLogGroup\",\n        \"ecr:GetDownloadUrlForLayer\",\n        \"ecr:GetAuthorizationToken\",\n        \"ecr:BatchGetImage\",\n        \"ecr:BatchCheckLayerAvailability\",\n        \"cloudwatch:PutMetricData\"\n      ],\n      \"Resource\": \"*\"\n    },\n    {\n      \"Sid\": \"\",\n      \"Effect\": \"Allow\",\n      \"Action\": [\n        \"sagemaker:ListUserProfiles\",\n        \"sagemaker:ListDomains\",\n        \"sagemaker:ListApps\",\n        \"sagemaker:DescribeUserProfile\",\n        \"sagemaker:DescribeDomain\",\n        \"sagemaker:CreatePresignedDomainUrl\",\n        \"sagemaker:*App\"\n      ],\n      \"Resource\": \"*\"\n    },\n    {\n      \"Sid\": \"\",\n      \"Effect\": \"Allow\",\n      \"Action\": [\n        \"sns:ListTopics\",\n        \"secretsmanager:ListSecrets\",\n        \"robomaker:DescribeSimulationJob\",\n        \"robomaker:DescribeSimulationApplication\",\n        \"robomaker:DeleteSimulationApplication\",\n        \"robomaker:CreateSimulationJob\",\n        \"robomaker:CreateSimulationApplication\",\n        \"robomaker:CancelSimulationJob\",\n        \"logs:UpdateLogDelivery\",\n        \"logs:PutResourcePolicy\",\n        \"logs:PutLogEvents\",\n        \"logs:ListLogDeliveries\",\n        \"logs:GetLogEvents\",\n        \"logs:GetLogDelivery\",\n        \"logs:Describe*\",\n        \"logs:DeleteLogDelivery\",\n        \"logs:CreateLogStream\",\n        \"logs:CreateLogGroup\",\n        \"logs:CreateLogDelivery\",\n        \"lambda:ListFunctions\",\n        \"kms:ListAliases\",\n        \"kms:DescribeKey\",\n        \"iam:ListRoles\",\n        \"groundtruthlabeling:*\",\n        \"glue:UpdateJob\",\n        \"glue:StartJobRun\",\n        \"glue:ResetJobBookmark\",\n        \"glue:GetJobs\",\n        \"glue:GetJobRuns\",\n        \"glue:GetJobRun\",\n        \"glue:GetJob\",\n        \"glue:DeleteJob\",\n        \"glue:CreateJob\",\n        \"fsx:DescribeFileSystems\",\n        \"elasticfilesystem:DescribeMountTargets\",\n        \"elasticfilesystem:DescribeFileSystems\",\n        \"elastic-inference:Connect\",\n        \"ecr:StartImageScan\",\n        \"ecr:GetDownloadUrlForLayer\",\n        \"ecr:GetAuthorizationToken\",\n        \"ecr:Describe*\",\n        \"ecr:CreateRepository\",\n        \"ecr:BatchGetImage\",\n        \"ecr:BatchCheckLayerAvailability\",\n        \"ec2:DescribeVpcs\",\n        \"ec2:DescribeVpcEndpoints\",\n        \"ec2:DescribeSubnets\",\n        \"ec2:DescribeSecurityGroups\",\n        \"ec2:DescribeRouteTables\",\n        \"ec2:DescribeNetworkInterfaces\",\n        \"ec2:DescribeDhcpOptions\",\n        \"ec2:DeleteNetworkInterfacePermission\",\n        \"ec2:DeleteNetworkInterface\",\n        \"ec2:CreateVpcEndpoint\",\n        \"ec2:CreateNetworkInterfacePermission\",\n        \"ec2:CreateNetworkInterface\",\n        \"cognito-idp:UpdateUserPoolClient\",\n        \"cognito-idp:UpdateUserPool\",\n        \"cognito-idp:List*\",\n        \"cognito-idp:DescribeUserPoolClient\",\n        \"cognito-idp:DescribeUserPool\",\n        \"cognito-idp:CreateUserPoolDomain\",\n        \"cognito-idp:CreateUserPoolClient\",\n        \"cognito-idp:CreateUserPool\",\n        \"cognito-idp:CreateGroup\",\n        \"cognito-idp:AdminRemoveUserFromGroup\",\n        \"cognito-idp:AdminEnableUser\",\n        \"cognito-idp:AdminDisableUser\",\n        \"cognito-idp:AdminDeleteUser\",\n        \"cognito-idp:AdminCreateUser\",\n        \"cognito-idp:AdminAddUserToGroup\",\n        \"codecommit:List*\",\n        \"codecommit:GetRepository\",\n        \"codecommit:CreateRepository\",\n        \"codecommit:BatchGetRepositories\",\n        \"cloudwatch:PutMetricData\",\n        \"cloudwatch:PutMetricAlarm\",\n        \"cloudwatch:ListMetrics\",\n        \"cloudwatch:GetMetricStatistics\",\n        \"cloudwatch:GetMetricData\",\n        \"cloudwatch:DescribeAlarms\",\n        \"cloudwatch:DeleteAlarms\",\n        \"aws-marketplace:ViewSubscriptions\",\n        \"application-autoscaling:RegisterScalableTarget\",\n        \"application-autoscaling:PutScheduledAction\",\n        \"application-autoscaling:PutScalingPolicy\",\n        \"application-autoscaling:DescribeScheduledActions\",\n        \"application-autoscaling:DescribeScalingPolicies\",\n        \"application-autoscaling:DescribeScalingActivities\",\n        \"application-autoscaling:DescribeScalableTargets\",\n        \"application-autoscaling:DeregisterScalableTarget\",\n        \"application-autoscaling:DeleteScheduledAction\",\n        \"application-autoscaling:DeleteScalingPolicy\"\n      ],\n      \"Resource\": \"*\"\n    },\n    {\n      \"Sid\": \"\",\n      \"Effect\": \"Allow\",\n      \"Action\": [\n        \"ecr:UploadLayerPart\",\n        \"ecr:SetRepositoryPolicy\",\n        \"ecr:PutImage\",\n        \"ecr:InitiateLayerUpload\",\n        \"ecr:DeleteRepositoryPolicy\",\n        \"ecr:DeleteRepository\",\n        \"ecr:CompleteLayerUpload\",\n        \"ecr:BatchDeleteImage\"\n      ],\n      \"Resource\": \"arn:aws:ecr::058243774065:repository/*\"\n    },\n    {\n      \"Sid\": \"\",\n      \"Effect\": \"Allow\",\n      \"Action\": [\n        \"codecommit:GitPush\",\n        \"codecommit:GitPull\"\n      ],\n      \"Resource\": [\n        \"arn:aws:codecommit:*:*:*sagemaker*\",\n        \"arn:aws:codecommit:*:*:*Sagemaker*\",\n        \"arn:aws:codecommit:*:*:*SageMaker*\"\n      ]\n    },\n    {\n      \"Sid\": \"\",\n      \"Effect\": \"Allow\",\n      \"Action\": [\n        \"s3:PutObject\",\n        \"s3:ListBucket\",\n        \"s3:GetObject\",\n        \"s3:GetBucketLocation\",\n        \"s3:DeleteObject\"\n      ],\n      \"Resource\": [\n        \"arn:aws:s3:::sagemaker-robotic-cm-bot/*\",\n        \"arn:aws:s3:::sagemaker-robotic-cm-bot\"\n      ]\n    }\n  ]\n}"
          },
          "private": "bnVsbA==",
          "dependencies": [
            "aws_s3_bucket.s3bucket"
          ]
        }
      ]
    },
    {
      "mode": "managed",
      "type": "aws_iam_role",
      "name": "ni_role",
      "provider": "provider.aws",
      "instances": [
        {
          "schema_version": 0,
          "attributes": {
            "arn": "arn:aws:iam::058243774065:role/cmbot_ni_role",
            "assume_role_policy": "{\"Version\":\"2012-10-17\",\"Statement\":[{\"Sid\":\"\",\"Effect\":\"Allow\",\"Principal\":{\"Service\":\"sagemaker.amazonaws.com\"},\"Action\":\"sts:AssumeRole\"}]}",
            "create_date": "2020-07-08T08:14:39Z",
            "description": "",
            "force_detach_policies": false,
            "id": "cmbot_ni_role",
            "max_session_duration": 3600,
            "name": "cmbot_ni_role",
            "name_prefix": null,
            "path": "/",
            "permissions_boundary": null,
            "tags": {
              "t_AppID": "SVC03012",
              "t_cost_centre": "",
              "t_dcl": "",
              "t_environment": "POC",
              "t_name": "CMBot",
              "t_owner_individual": "thileepan.sivanantham@pearson.com"
            },
            "unique_id": "AROAQ3D4ZOZY37FUAGAAN"
          },
          "private": "bnVsbA==",
          "dependencies": [
            "aws_s3_bucket.s3bucket"
          ]
        }
      ]
    },
    {
      "mode": "managed",
      "type": "aws_iam_role_policy_attachment",
      "name": "cmbot_ni_policy_attachment",
      "provider": "provider.aws",
      "instances": [
        {
          "schema_version": 0,
          "attributes": {
            "id": "cmbot_ni_role-20200708081440096700000001",
            "policy_arn": "arn:aws:iam::058243774065:policy/cmbot_ni_policy",
            "role": "cmbot_ni_role"
          },
          "private": "bnVsbA==",
          "dependencies": [
            "aws_iam_policy.ni_policy",
            "aws_iam_role.ni_role",
            "aws_s3_bucket.s3bucket"
          ]
        }
      ]
    },
    {
      "mode": "managed",
      "type": "aws_s3_bucket",
      "name": "s3bucket",
      "provider": "provider.aws",
      "instances": [
        {
          "schema_version": 0,
          "attributes": {
            "acceleration_status": "",
            "acl": "private",
            "arn": "arn:aws:s3:::sagemaker-robotic-cm-bot",
            "bucket": "sagemaker-robotic-cm-bot",
            "bucket_domain_name": "sagemaker-robotic-cm-bot.s3.amazonaws.com",
            "bucket_prefix": null,
            "bucket_regional_domain_name": "sagemaker-robotic-cm-bot.s3.amazonaws.com",
            "cors_rule": [],
            "force_destroy": true,
            "grant": [],
            "hosted_zone_id": "Z3AQBSTGFYJSTF",
            "id": "sagemaker-robotic-cm-bot",
            "lifecycle_rule": [],
            "logging": [],
            "object_lock_configuration": [],
            "policy": null,
            "region": "us-east-1",
            "replication_configuration": [],
            "request_payer": "BucketOwner",
            "server_side_encryption_configuration": [
              {
                "rule": [
                  {
                    "apply_server_side_encryption_by_default": [
                      {
                        "kms_master_key_id": "",
                        "sse_algorithm": "AES256"
                      }
                    ]
                  }
                ]
              }
            ],
            "tags": {
              "t_AppID": "SVC03012",
              "t_cost_centre": "",
              "t_dcl": "",
              "t_environment": "POC",
              "t_name": "CMBot",
              "t_owner_individual": "thileepan.sivanantham@pearson.com"
            },
            "versioning": [
              {
                "enabled": false,
                "mfa_delete": false
              }
            ],
            "website": [],
            "website_domain": null,
            "website_endpoint": null
          },
          "private": "bnVsbA=="
        }
      ]
    },
    {
      "mode": "managed",
      "type": "aws_s3_bucket_object",
      "name": "nodebook_script",
      "provider": "provider.aws",
      "instances": [
        {
          "schema_version": 0,
          "attributes": {
            "acl": "private",
            "bucket": "sagemaker-robotic-cm-bot",
            "cache_control": "",
            "content": null,
            "content_base64": null,
            "content_disposition": "",
            "content_encoding": "",
            "content_language": "",
            "content_type": "binary/octet-stream",
            "etag": "849fb2e7b64254c8131490c5a1d8d5ee",
            "force_destroy": false,
            "id": "RoboticCM.ipynb",
            "key": "RoboticCM.ipynb",
            "kms_key_id": null,
            "metadata": null,
            "object_lock_legal_hold_status": "",
            "object_lock_mode": "",
            "object_lock_retain_until_date": "",
            "server_side_encryption": "AES256",
            "source": "artifacts/RoboticCM.ipynb",
            "storage_class": "STANDARD",
            "tags": null,
            "version_id": "",
            "website_redirect": ""
          },
          "private": "bnVsbA==",
          "dependencies": [
            "aws_s3_bucket.s3bucket"
          ]
        }
      ]
    },
    {
      "mode": "managed",
      "type": "aws_s3_bucket_object",
      "name": "trainingdata",
      "provider": "provider.aws",
      "instances": [
        {
          "schema_version": 0,
          "attributes": {
            "acl": "private",
            "bucket": "sagemaker-robotic-cm-bot",
            "cache_control": "",
            "content": null,
            "content_base64": null,
            "content_disposition": "",
            "content_encoding": "",
            "content_language": "",
            "content_type": "binary/octet-stream",
            "etag": "96f03e260a3fb316c9bdacdb34fc94c4",
            "force_destroy": false,
            "id": "training-data.csv",
            "key": "training-data.csv",
            "kms_key_id": null,
            "metadata": null,
            "object_lock_legal_hold_status": "",
            "object_lock_mode": "",
            "object_lock_retain_until_date": "",
            "server_side_encryption": "AES256",
            "source": "artifacts/traningdata.csv",
            "storage_class": "STANDARD",
            "tags": null,
            "version_id": "",
            "website_redirect": ""
          },
          "private": "bnVsbA==",
          "dependencies": [
            "aws_s3_bucket.s3bucket"
          ]
        }
      ]
    },
    {
      "mode": "managed",
      "type": "aws_sagemaker_notebook_instance",
      "name": "ni",
      "provider": "provider.aws",
      "instances": [
        {
          "schema_version": 0,
          "attributes": {
            "arn": "arn:aws:sagemaker:us-east-1:058243774065:notebook-instance/cmbot-notebook-instance",
            "direct_internet_access": "Enabled",
            "id": "cmbot-notebook-instance",
            "instance_type": "ml.t2.medium",
            "kms_key_id": "",
            "lifecycle_config_name": "BasicNotebookInstanceLifecycleConfig",
            "name": "cmbot-notebook-instance",
            "role_arn": "arn:aws:iam::058243774065:role/cmbot_ni_role",
            "security_groups": [],
            "subnet_id": "",
            "tags": {
              "t_AppID": "SVC03012",
              "t_cost_centre": "",
              "t_dcl": "",
              "t_environment": "POC",
              "t_name": "CMBot",
              "t_owner_individual": "thileepan.sivanantham@pearson.com"
            }
          },
          "private": "bnVsbA==",
          "dependencies": [
            "aws_iam_role.ni_role",
            "aws_s3_bucket.s3bucket",
            "aws_s3_bucket_object.nodebook_script",
            "aws_sagemaker_notebook_instance_lifecycle_configuration.basic_lifecycle"
          ]
        }
      ]
    },
    {
      "mode": "managed",
      "type": "aws_sagemaker_notebook_instance_lifecycle_configuration",
      "name": "basic_lifecycle",
      "provider": "provider.aws",
      "instances": [
        {
          "schema_version": 0,
          "attributes": {
            "arn": "arn:aws:sagemaker:us-east-1:058243774065:notebook-instance-lifecycle-config/basicnotebookinstancelifecycleconfig",
            "id": "BasicNotebookInstanceLifecycleConfig",
            "name": "BasicNotebookInstanceLifecycleConfig",
            "on_create": null,
            "on_start": "IyEvYmluL3NoCmNkIC9ob21lL2VjMi11c2VyL1NhZ2VNYWtlcgphd3MgczMgY3AgczM6Ly9zYWdlbWFrZXItcm9ib3RpYy1jbS1ib3QvUm9ib3RpY0NNLmlweW5iIC4Kc3VkbyAtdSBlYzItdXNlciAtaSA8PCdFT0YnCnNvdXJjZSBhY3RpdmF0ZSBweXRob24zCnBpcCBpbnN0YWxsIHJ1bmlweQpub2h1cCBydW5pcHkgL2hvbWUvZWMyLXVzZXIvU2FnZU1ha2VyL1JvYm90aWNDTS5pcHluYiAmCnNvdXJjZSBkZWFjdGl2YXRlCkVPRgo="
          },
          "private": "bnVsbA==",
          "dependencies": [
            "aws_s3_bucket.s3bucket",
            "aws_s3_bucket_object.nodebook_script"
          ]
        }
      ]
    }
  ]
}
